
Microsoft Visual Studio Solution File, Format Version 12.00
# Visual Studio Version 16
VisualStudioVersion = 16.0.29123.88
MinimumVisualStudioVersion = 10.0.40219.1
Project("{FAE04EC0-301F-11D3-BF4B-00C04F79EFBC}") = "tree_functions", "tree_functions.csproj", "{B1DA1781-48CF-471B-BEEB-94103239A87C}"
EndProject
Global
	GlobalSection(SolutionConfigurationPlatforms) = preSolution
		Debug|Any CPU = Debug|Any CPU
		Release|Any CPU = Release|Any CPU
	EndGlobalSection
	GlobalSection(ProjectConfigurationPlatforms) = postSolution
		{B1DA1781-48CF-471B-BEEB-94103239A87C}.Debug|Any CPU.ActiveCfg = Debug|Any CPU
		{B1DA1781-48CF-471B-BEEB-94103239A87C}.Debug|Any CPU.Build.0 = Debug|Any CPU
		{B1DA1781-48CF-471B-BEEB-94103239A87C}.Release|Any CPU.ActiveCfg = Release|Any CPU
		{B1DA1781-48CF-471B-BEEB-94103239A87C}.Release|Any CPU.Build.0 = Release|Any CPU
	EndGlobalSection
	GlobalSection(SolutionProperties) = preSolution
		HideSolutionNode = FALSE
	EndGlobalSection
	GlobalSection(ExtensibilityGlobals) = postSolution
		SolutionGuid = {0B80CB24-59C0-4AF6-A7DD-80ADD15CE742}
	EndGlobalSection
EndGlobal
