
Microsoft Visual Studio Solution File, Format Version 12.00
# Visual Studio Version 16
VisualStudioVersion = 16.0.29123.88
MinimumVisualStudioVersion = 10.0.40219.1
Project("{FAE04EC0-301F-11D3-BF4B-00C04F79EFBC}") = "Stack List Implementation", "Stack List Implementation.csproj", "{0386C08D-5349-4CA1-A377-95F08A980623}"
EndProject
Global
	GlobalSection(SolutionConfigurationPlatforms) = preSolution
		Debug|Any CPU = Debug|Any CPU
		Release|Any CPU = Release|Any CPU
	EndGlobalSection
	GlobalSection(ProjectConfigurationPlatforms) = postSolution
		{0386C08D-5349-4CA1-A377-95F08A980623}.Debug|Any CPU.ActiveCfg = Debug|Any CPU
		{0386C08D-5349-4CA1-A377-95F08A980623}.Debug|Any CPU.Build.0 = Debug|Any CPU
		{0386C08D-5349-4CA1-A377-95F08A980623}.Release|Any CPU.ActiveCfg = Release|Any CPU
		{0386C08D-5349-4CA1-A377-95F08A980623}.Release|Any CPU.Build.0 = Release|Any CPU
	EndGlobalSection
	GlobalSection(SolutionProperties) = preSolution
		HideSolutionNode = FALSE
	EndGlobalSection
	GlobalSection(ExtensibilityGlobals) = postSolution
		SolutionGuid = {BC187AA3-2505-4CCE-9807-782012ED0BF9}
	EndGlobalSection
EndGlobal
